
Microsoft Visual Studio Solution File, Format Version 12.00
# Visual Studio Version 16
VisualStudioVersion = 16.0.29806.167
MinimumVisualStudioVersion = 10.0.40219.1
Project("{FAE04EC0-301F-11D3-BF4B-00C04F79EFBC}") = "Uzemanyag", "Uzemanyag\Uzemanyag.csproj", "{80C4B0F1-0130-41C3-86AC-EBA4893F9C6D}"
EndProject
Global
	GlobalSection(SolutionConfigurationPlatforms) = preSolution
		Debug|Any CPU = Debug|Any CPU
		Release|Any CPU = Release|Any CPU
	EndGlobalSection
	GlobalSection(ProjectConfigurationPlatforms) = postSolution
		{80C4B0F1-0130-41C3-86AC-EBA4893F9C6D}.Debug|Any CPU.ActiveCfg = Debug|Any CPU
		{80C4B0F1-0130-41C3-86AC-EBA4893F9C6D}.Debug|Any CPU.Build.0 = Debug|Any CPU
		{80C4B0F1-0130-41C3-86AC-EBA4893F9C6D}.Release|Any CPU.ActiveCfg = Release|Any CPU
		{80C4B0F1-0130-41C3-86AC-EBA4893F9C6D}.Release|Any CPU.Build.0 = Release|Any CPU
	EndGlobalSection
	GlobalSection(SolutionProperties) = preSolution
		HideSolutionNode = FALSE
	EndGlobalSection
	GlobalSection(ExtensibilityGlobals) = postSolution
		SolutionGuid = {55D57509-0828-42F9-BC4C-312A57B73808}
	EndGlobalSection
EndGlobal
